
Microsoft Visual Studio Solution File, Format Version 12.00
# Visual Studio Version 16
VisualStudioVersion = 16.0.30804.86
MinimumVisualStudioVersion = 10.0.40219.1
Project("{FAE04EC0-301F-11D3-BF4B-00C04F79EFBC}") = "orm2", "orm2\orm2.csproj", "{839764C4-7D6D-4322-86BD-392BE4AF2187}"
EndProject
Global
	GlobalSection(SolutionConfigurationPlatforms) = preSolution
		Debug|Any CPU = Debug|Any CPU
		Release|Any CPU = Release|Any CPU
	EndGlobalSection
	GlobalSection(ProjectConfigurationPlatforms) = postSolution
		{839764C4-7D6D-4322-86BD-392BE4AF2187}.Debug|Any CPU.ActiveCfg = Debug|Any CPU
		{839764C4-7D6D-4322-86BD-392BE4AF2187}.Debug|Any CPU.Build.0 = Debug|Any CPU
		{839764C4-7D6D-4322-86BD-392BE4AF2187}.Release|Any CPU.ActiveCfg = Release|Any CPU
		{839764C4-7D6D-4322-86BD-392BE4AF2187}.Release|Any CPU.Build.0 = Release|Any CPU
	EndGlobalSection
	GlobalSection(SolutionProperties) = preSolution
		HideSolutionNode = FALSE
	EndGlobalSection
	GlobalSection(ExtensibilityGlobals) = postSolution
		SolutionGuid = {74FAE9CB-CC74-487A-A105-B2C837F5038C}
	EndGlobalSection
EndGlobal
